{
  "nodes": {
    "nixpkgs": {
      "locked": {
        "lastModified": 1728041729,
        "narHash": "sha256-qq5V1rtKWQYI1rHhsxyVbB90W8wE7Akdd63KuIYRU14=",
        "owner": "vBruegge",
        "repo": "nixpkgs",
        "rev": "414e8a43b2b3d804e8b70398e6c0028769aeaeab",
        "type": "github"
      },
      "original": {
        "owner": "vBruegge",
        "ref": "crazyflie",
        "repo": "nixpkgs",
        "type": "github"
      }
    },
    "root": {
      "inputs": {
        "nixpkgs": "nixpkgs"
      }
    }
  },
  "root": "root",
  "version": 7
}
